
Microsoft Visual Studio Solution File, Format Version 12.00
Project("{FAE04EC0-301F-11D3-BF4B-00C04F79EFBC}") = "Web", "Web\Web.csproj", "{A3488A4A-C652-419A-A909-5E8AC9E537EC}"
EndProject
Global
	GlobalSection(SolutionConfigurationPlatforms) = preSolution
		Debug|Any CPU = Debug|Any CPU
		Release|Any CPU = Release|Any CPU
	EndGlobalSection
	GlobalSection(ProjectConfigurationPlatforms) = postSolution
		{A3488A4A-C652-419A-A909-5E8AC9E537EC}.Debug|Any CPU.ActiveCfg = Debug|Any CPU
		{A3488A4A-C652-419A-A909-5E8AC9E537EC}.Debug|Any CPU.Build.0 = Debug|Any CPU
		{A3488A4A-C652-419A-A909-5E8AC9E537EC}.Release|Any CPU.ActiveCfg = Release|Any CPU
		{A3488A4A-C652-419A-A909-5E8AC9E537EC}.Release|Any CPU.Build.0 = Release|Any CPU
	EndGlobalSection
EndGlobal
